
Microsoft Visual Studio Solution File, Format Version 12.00
# Visual Studio Version 16
VisualStudioVersion = 16.0.30804.86
MinimumVisualStudioVersion = 10.0.40219.1
Project("{FAE04EC0-301F-11D3-BF4B-00C04F79EFBC}") = "CascadingSelectList", "CascadingSelectList.csproj", "{D92005B9-E3C3-4454-92C1-9C8454E2CB9D}"
EndProject
Global
	GlobalSection(SolutionConfigurationPlatforms) = preSolution
		Debug|Any CPU = Debug|Any CPU
		Release|Any CPU = Release|Any CPU
	EndGlobalSection
	GlobalSection(ProjectConfigurationPlatforms) = postSolution
		{D92005B9-E3C3-4454-92C1-9C8454E2CB9D}.Debug|Any CPU.ActiveCfg = Debug|Any CPU
		{D92005B9-E3C3-4454-92C1-9C8454E2CB9D}.Debug|Any CPU.Build.0 = Debug|Any CPU
		{D92005B9-E3C3-4454-92C1-9C8454E2CB9D}.Release|Any CPU.ActiveCfg = Release|Any CPU
		{D92005B9-E3C3-4454-92C1-9C8454E2CB9D}.Release|Any CPU.Build.0 = Release|Any CPU
	EndGlobalSection
	GlobalSection(SolutionProperties) = preSolution
		HideSolutionNode = FALSE
	EndGlobalSection
	GlobalSection(ExtensibilityGlobals) = postSolution
		SolutionGuid = {54D99259-5EFD-427A-9F2F-F05C7CFAF0E4}
	EndGlobalSection
EndGlobal
